
Microsoft Visual Studio Solution File, Format Version 12.00
# Visual Studio 15
VisualStudioVersion = 15.0.28306.52
MinimumVisualStudioVersion = 10.0.40219.1
Project("{FAE04EC0-301F-11D3-BF4B-00C04F79EFBC}") = "GMapitest", "GMapitest\GMapitest.csproj", "{0EE556C4-C986-4ACB-A17E-CC48420252E1}"
EndProject
Global
	GlobalSection(SolutionConfigurationPlatforms) = preSolution
		Debug|Any CPU = Debug|Any CPU
		Release|Any CPU = Release|Any CPU
	EndGlobalSection
	GlobalSection(ProjectConfigurationPlatforms) = postSolution
		{0EE556C4-C986-4ACB-A17E-CC48420252E1}.Debug|Any CPU.ActiveCfg = Debug|Any CPU
		{0EE556C4-C986-4ACB-A17E-CC48420252E1}.Debug|Any CPU.Build.0 = Debug|Any CPU
		{0EE556C4-C986-4ACB-A17E-CC48420252E1}.Release|Any CPU.ActiveCfg = Release|Any CPU
		{0EE556C4-C986-4ACB-A17E-CC48420252E1}.Release|Any CPU.Build.0 = Release|Any CPU
	EndGlobalSection
	GlobalSection(SolutionProperties) = preSolution
		HideSolutionNode = FALSE
	EndGlobalSection
	GlobalSection(ExtensibilityGlobals) = postSolution
		SolutionGuid = {4A4948BB-472B-4477-8A9E-73B74B36D4DB}
	EndGlobalSection
EndGlobal
